// !$*UTF8*$!
{
	archiveVersion = 1;
	classes = {
	};
	objectVersion = 77;
	objects = {

/* Begin PBXContainerItemProxy section */
		B79C150F2D8DE5FE00EBACF2 /* PBXContainerItemProxy */ = {
			isa = PBXContainerItemProxy;
			containerPortal = B79C14F52D8DE5FC00EBACF2 /* Project object */;
			proxyType = 1;
			remoteGlobalIDString = B79C14FC2D8DE5FC00EBACF2;
			remoteInfo = Connections;
		};
		B79C15192D8DE5FE00EBACF2 /* PBXContainerItemProxy */ = {
			isa = PBXContainerItemProxy;
			containerPortal = B79C14F52D8DE5FC00EBACF2 /* Project object */;
			proxyType = 1;
			remoteGlobalIDString = B79C14FC2D8DE5FC00EBACF2;
			remoteInfo = Connections;
		};
/* End PBXContainerItemProxy section */

/* Begin PBXFileReference section */
		B79C14FD2D8DE5FC00EBACF2 /* Connections.app */ = {isa = PBXFileReference; explicitFileType = wrapper.application; includeInIndex = 0; path = Connections.app; sourceTree = BUILT_PRODUCTS_DIR; };
		B79C150E2D8DE5FE00EBACF2 /* ConnectionsTests.xctest */ = {isa = PBXFileReference; explicitFileType = wrapper.cfbundle; includeInIndex = 0; path = ConnectionsTests.xctest; sourceTree = BUILT_PRODUCTS_DIR; };
		B79C15182D8DE5FE00EBACF2 /* ConnectionsUITests.xctest */ = {isa = PBXFileReference; explicitFileType = wrapper.cfbundle; includeInIndex = 0; path = ConnectionsUITests.xctest; sourceTree = BUILT_PRODUCTS_DIR; };
/* End PBXFileReference section */

/* Begin PBXFileSystemSynchronizedRootGroup section */
		B79C14FF2D8DE5FC00EBACF2 /* Connections */ = {
			isa = PBXFileSystemSynchronizedRootGroup;
			path = Connections;
			sourceTree = "<group>";
		};
		B79C15112D8DE5FE00EBACF2 /* ConnectionsTests */ = {
			isa = PBXFileSystemSynchronizedRootGroup;
			path = ConnectionsTests;
			sourceTree = "<group>";
		};
		B79C151B2D8DE5FE00EBACF2 /* ConnectionsUITests */ = {
			isa = PBXFileSystemSynchronizedRootGroup;
			path = ConnectionsUITests;
			sourceTree = "<group>";
		};
/* End PBXFileSystemSynchronizedRootGroup section */

/* Begin PBXFrameworksBuildPhase section */
		B79C14FA2D8DE5FC00EBACF2 /* Frameworks */ = {
			isa = PBXFrameworksBuildPhase;
			buildActionMask = 2147483647;
			files = (
			);
			runOnlyForDeploymentPostprocessing = 0;
		};
		B79C150B2D8DE5FE00EBACF2 /* Frameworks */ = {
			isa = PBXFrameworksBuildPhase;
			buildActionMask = 2147483647;
			files = (
			);
			runOnlyForDeploymentPostprocessing = 0;
		};
		B79C15152D8DE5FE00EBACF2 /* Frameworks */ = {
			isa = PBXFrameworksBuildPhase;
			buildActionMask = 2147483647;
			files = (
			);
			runOnlyForDeploymentPostprocessing = 0;
		};
/* End PBXFrameworksBuildPhase section */

/* Begin PBXGroup section */
		B79C14F42D8DE5FC00EBACF2 = {
			isa = PBXGroup;
			children = (
				B79C14FF2D8DE5FC00EBACF2 /* Connections */,
				B79C15112D8DE5FE00EBACF2 /* ConnectionsTests */,
				B79C151B2D8DE5FE00EBACF2 /* ConnectionsUITests */,
				B79C14FE2D8DE5FC00EBACF2 /* Products */,
			);
			sourceTree = "<group>";
		};
		B79C14FE2D8DE5FC00EBACF2 /* Products */ = {
			isa = PBXGroup;
			children = (
				B79C14FD2D8DE5FC00EBACF2 /* Connections.app */,
				B79C150E2D8DE5FE00EBACF2 /* ConnectionsTests.xctest */,
				B79C15182D8DE5FE00EBACF2 /* ConnectionsUITests.xctest */,
			);
			name = Products;
			sourceTree = "<group>";
		};
/* End PBXGroup section */

/* Begin PBXNativeTarget section */
		B79C14FC2D8DE5FC00EBACF2 /* Connections */ = {
			isa = PBXNativeTarget;
			buildConfigurationList = B79C15222D8DE5FE00EBACF2 /* Build configuration list for PBXNativeTarget "Connections" */;
			buildPhases = (
				B79C14F92D8DE5FC00EBACF2 /* Sources */,
				B79C14FA2D8DE5FC00EBACF2 /* Frameworks */,
				B79C14FB2D8DE5FC00EBACF2 /* Resources */,
			);
			buildRules = (
			);
			dependencies = (
			);
			fileSystemSynchronizedGroups = (
				B79C14FF2D8DE5FC00EBACF2 /* Connections */,
			);
			name = Connections;
			packageProductDependencies = (
			);
			productName = Connections;
			productReference = B79C14FD2D8DE5FC00EBACF2 /* Connections.app */;
			productType = "com.apple.product-type.application";
		};
		B79C150D2D8DE5FE00EBACF2 /* ConnectionsTests */ = {
			isa = PBXNativeTarget;
			buildConfigurationList = B79C15252D8DE5FE00EBACF2 /* Build configuration list for PBXNativeTarget "ConnectionsTests" */;
			buildPhases = (
				B79C150A2D8DE5FE00EBACF2 /* Sources */,
				B79C150B2D8DE5FE00EBACF2 /* Frameworks */,
				B79C150C2D8DE5FE00EBACF2 /* Resources */,
			);
			buildRules = (
			);
			dependencies = (
				B79C15102D8DE5FE00EBACF2 /* PBXTargetDependency */,
			);
			fileSystemSynchronizedGroups = (
				B79C15112D8DE5FE00EBACF2 /* ConnectionsTests */,
			);
			name = ConnectionsTests;
			packageProductDependencies = (
			);
			productName = ConnectionsTests;
			productReference = B79C150E2D8DE5FE00EBACF2 /* ConnectionsTests.xctest */;
			productType = "com.apple.product-type.bundle.unit-test";
		};
		B79C15172D8DE5FE00EBACF2 /* ConnectionsUITests */ = {
			isa = PBXNativeTarget;
			buildConfigurationList = B79C15282D8DE5FE00EBACF2 /* Build configuration list for PBXNativeTarget "ConnectionsUITests" */;
			buildPhases = (
				B79C15142D8DE5FE00EBACF2 /* Sources */,
				B79C15152D8DE5FE00EBACF2 /* Frameworks */,
				B79C15162D8DE5FE00EBACF2 /* Resources */,
			);
			buildRules = (
			);
			dependencies = (
				B79C151A2D8DE5FE00EBACF2 /* PBXTargetDependency */,
			);
			fileSystemSynchronizedGroups = (
				B79C151B2D8DE5FE00EBACF2 /* ConnectionsUITests */,
			);
			name = ConnectionsUITests;
			packageProductDependencies = (
			);
			productName = ConnectionsUITests;
			productReference = B79C15182D8DE5FE00EBACF2 /* ConnectionsUITests.xctest */;
			productType = "com.apple.product-type.bundle.ui-testing";
		};
/* End PBXNativeTarget section */

/* Begin PBXProject section */
		B79C14F52D8DE5FC00EBACF2 /* Project object */ = {
			isa = PBXProject;
			attributes = {
				BuildIndependentTargetsInParallel = 1;
				LastSwiftUpdateCheck = 1620;
				LastUpgradeCheck = 1620;
				TargetAttributes = {
					B79C14FC2D8DE5FC00EBACF2 = {
						CreatedOnToolsVersion = 16.2;
					};
					B79C150D2D8DE5FE00EBACF2 = {
						CreatedOnToolsVersion = 16.2;
						TestTargetID = B79C14FC2D8DE5FC00EBACF2;
					};
					B79C15172D8DE5FE00EBACF2 = {
						CreatedOnToolsVersion = 16.2;
						TestTargetID = B79C14FC2D8DE5FC00EBACF2;
					};
				};
			};
			buildConfigurationList = B79C14F82D8DE5FC00EBACF2 /* Build configuration list for PBXProject "Connections" */;
			developmentRegion = en;
			hasScannedForEncodings = 0;
			knownRegions = (
				en,
				Base,
			);
			mainGroup = B79C14F42D8DE5FC00EBACF2;
			minimizedProjectReferenceProxies = 1;
			preferredProjectObjectVersion = 77;
			productRefGroup = B79C14FE2D8DE5FC00EBACF2 /* Products */;
			projectDirPath = "";
			projectRoot = "";
			targets = (
				B79C14FC2D8DE5FC00EBACF2 /* Connections */,
				B79C150D2D8DE5FE00EBACF2 /* ConnectionsTests */,
				B79C15172D8DE5FE00EBACF2 /* ConnectionsUITests */,
			);
		};
/* End PBXProject section */

/* Begin PBXResourcesBuildPhase section */
		B79C14FB2D8DE5FC00EBACF2 /* Resources */ = {
			isa = PBXResourcesBuildPhase;
			buildActionMask = 2147483647;
			files = (
			);
			runOnlyForDeploymentPostprocessing = 0;
		};
		B79C150C2D8DE5FE00EBACF2 /* Resources */ = {
			isa = PBXResourcesBuildPhase;
			buildActionMask = 2147483647;
			files = (
			);
			runOnlyForDeploymentPostprocessing = 0;
		};
		B79C15162D8DE5FE00EBACF2 /* Resources */ = {
			isa = PBXResourcesBuildPhase;
			buildActionMask = 2147483647;
			files = (
			);
			runOnlyForDeploymentPostprocessing = 0;
		};
/* End PBXResourcesBuildPhase section */

/* Begin PBXSourcesBuildPhase section */
		B79C14F92D8DE5FC00EBACF2 /* Sources */ = {
			isa = PBXSourcesBuildPhase;
			buildActionMask = 2147483647;
			files = (
			);
			runOnlyForDeploymentPostprocessing = 0;
		};
		B79C150A2D8DE5FE00EBACF2 /* Sources */ = {
			isa = PBXSourcesBuildPhase;
			buildActionMask = 2147483647;
			files = (
			);
			runOnlyForDeploymentPostprocessing = 0;
		};
		B79C15142D8DE5FE00EBACF2 /* Sources */ = {
			isa = PBXSourcesBuildPhase;
			buildActionMask = 2147483647;
			files = (
			);
			runOnlyForDeploymentPostprocessing = 0;
		};
/* End PBXSourcesBuildPhase section */

/* Begin PBXTargetDependency section */
		B79C15102D8DE5FE00EBACF2 /* PBXTargetDependency */ = {
			isa = PBXTargetDependency;
			target = B79C14FC2D8DE5FC00EBACF2 /* Connections */;
			targetProxy = B79C150F2D8DE5FE00EBACF2 /* PBXContainerItemProxy */;
		};
		B79C151A2D8DE5FE00EBACF2 /* PBXTargetDependency */ = {
			isa = PBXTargetDependency;
			target = B79C14FC2D8DE5FC00EBACF2 /* Connections */;
			targetProxy = B79C15192D8DE5FE00EBACF2 /* PBXContainerItemProxy */;
		};
/* End PBXTargetDependency section */

/* Begin XCBuildConfiguration section */
		B79C15202D8DE5FE00EBACF2 /* Debug */ = {
			isa = XCBuildConfiguration;
			buildSettings = {
				ALWAYS_SEARCH_USER_PATHS = NO;
				ASSETCATALOG_COMPILER_GENERATE_SWIFT_ASSET_SYMBOL_EXTENSIONS = YES;
				CLANG_ANALYZER_NONNULL = YES;
				CLANG_ANALYZER_NUMBER_OBJECT_CONVERSION = YES_AGGRESSIVE;
				CLANG_CXX_LANGUAGE_STANDARD = "gnu++20";
				CLANG_ENABLE_MODULES = YES;
				CLANG_ENABLE_OBJC_ARC = YES;
				CLANG_ENABLE_OBJC_WEAK = YES;
				CLANG_WARN_BLOCK_CAPTURE_AUTORELEASING = YES;
				CLANG_WARN_BOOL_CONVERSION = YES;
				CLANG_WARN_COMMA = YES;
				CLANG_WARN_CONSTANT_CONVERSION = YES;
				CLANG_WARN_DEPRECATED_OBJC_IMPLEMENTATIONS = YES;
				CLANG_WARN_DIRECT_OBJC_ISA_USAGE = YES_ERROR;
				CLANG_WARN_DOCUMENTATION_COMMENTS = YES;
				CLANG_WARN_EMPTY_BODY = YES;
				CLANG_WARN_ENUM_CONVERSION = YES;
				CLANG_WARN_INFINITE_RECURSION = YES;
				CLANG_WARN_INT_CONVERSION = YES;
				CLANG_WARN_NON_LITERAL_NULL_CONVERSION = YES;
				CLANG_WARN_OBJC_IMPLICIT_RETAIN_SELF = YES;
				CLANG_WARN_OBJC_LITERAL_CONVERSION = YES;
				CLANG_WARN_OBJC_ROOT_CLASS = YES_ERROR;
				CLANG_WARN_QUOTED_INCLUDE_IN_FRAMEWORK_HEADER = YES;
				CLANG_WARN_RANGE_LOOP_ANALYSIS = YES;
				CLANG_WARN_STRICT_PROTOTYPES = YES;
				CLANG_WARN_SUSPICIOUS_MOVE = YES;
				CLANG_WARN_UNGUARDED_AVAILABILITY = YES_AGGRESSIVE;
				CLANG_WARN_UNREACHABLE_CODE = YES;
				CLANG_WARN__DUPLICATE_METHOD_MATCH = YES;
				COPY_PHASE_STRIP = NO;
				DEBUG_INFORMATION_FORMAT = dwarf;
				ENABLE_STRICT_OBJC_MSGSEND = YES;
				ENABLE_TESTABILITY = YES;
				ENABLE_USER_SCRIPT_SANDBOXING = YES;
				GCC_C_LANGUAGE_STANDARD = gnu17;
				GCC_DYNAMIC_NO_PIC = NO;
				GCC_NO_COMMON_BLOCKS = YES;
				GCC_OPTIMIZATION_LEVEL = 0;
				GCC_PREPROCESSOR_DEFINITIONS = (
					"DEBUG=1",
					"$(inherited)",
				);
				GCC_WARN_64_TO_32_BIT_CONVERSION = YES;
				GCC_WARN_ABOUT_RETURN_TYPE = YES_ERROR;
				GCC_WARN_UNDECLARED_SELECTOR = YES;
				GCC_WARN_UNINITIALIZED_AUTOS = YES_AGGRESSIVE;
				GCC_WARN_UNUSED_FUNCTION = YES;
				GCC_WARN_UNUSED_VARIABLE = YES;
				LOCALIZATION_PREFERS_STRING_CATALOGS = YES;
				MACOSX_DEPLOYMENT_TARGET = 15.2;
				MTL_ENABLE_DEBUG_INFO = INCLUDE_SOURCE;
				MTL_FAST_MATH = YES;
				ONLY_ACTIVE_ARCH = YES;
				SDKROOT = macosx;
				SWIFT_ACTIVE_COMPILATION_CONDITIONS = "DEBUG $(inherited)";
				SWIFT_OPTIMIZATION_LEVEL = "-Onone";
			};
			name = Debug;
		};
		B79C15212D8DE5FE00EBACF2 /* Release */ = {
			isa = XCBuildConfiguration;
			buildSettings = {
				ALWAYS_SEARCH_USER_PATHS = NO;
				ASSETCATALOG_COMPILER_GENERATE_SWIFT_ASSET_SYMBOL_EXTENSIONS = YES;
				CLANG_ANALYZER_NONNULL = YES;
				CLANG_ANALYZER_NUMBER_OBJECT_CONVERSION = YES_AGGRESSIVE;
				CLANG_CXX_LANGUAGE_STANDARD = "gnu++20";
				CLANG_ENABLE_MODULES = YES;
				CLANG_ENABLE_OBJC_ARC = YES;
				CLANG_ENABLE_OBJC_WEAK = YES;
				CLANG_WARN_BLOCK_CAPTURE_AUTORELEASING = YES;
				CLANG_WARN_BOOL_CONVERSION = YES;
				CLANG_WARN_COMMA = YES;
				CLANG_WARN_CONSTANT_CONVERSION = YES;
				CLANG_WARN_DEPRECATED_OBJC_IMPLEMENTATIONS = YES;
				CLANG_WARN_DIRECT_OBJC_ISA_USAGE = YES_ERROR;
				CLANG_WARN_DOCUMENTATION_COMMENTS = YES;
				CLANG_WARN_EMPTY_BODY = YES;
				CLANG_WARN_ENUM_CONVERSION = YES;
				CLANG_WARN_INFINITE_RECURSION = YES;
				CLANG_WARN_INT_CONVERSION = YES;
				CLANG_WARN_NON_LITERAL_NULL_CONVERSION = YES;
				CLANG_WARN_OBJC_IMPLICIT_RETAIN_SELF = YES;
				CLANG_WARN_OBJC_LITERAL_CONVERSION = YES;
				CLANG_WARN_OBJC_ROOT_CLASS = YES_ERROR;
				CLANG_WARN_QUOTED_INCLUDE_IN_FRAMEWORK_HEADER = YES;
				CLANG_WARN_RANGE_LOOP_ANALYSIS = YES;
				CLANG_WARN_STRICT_PROTOTYPES = YES;
				CLANG_WARN_SUSPICIOUS_MOVE = YES;
				CLANG_WARN_UNGUARDED_AVAILABILITY = YES_AGGRESSIVE;
				CLANG_WARN_UNREACHABLE_CODE = YES;
				CLANG_WARN__DUPLICATE_METHOD_MATCH = YES;
				COPY_PHASE_STRIP = NO;
				DEBUG_INFORMATION_FORMAT = "dwarf-with-dsym";
				ENABLE_NS_ASSERTIONS = NO;
				ENABLE_STRICT_OBJC_MSGSEND = YES;
				ENABLE_USER_SCRIPT_SANDBOXING = YES;
				GCC_C_LANGUAGE_STANDARD = gnu17;
				GCC_NO_COMMON_BLOCKS = YES;
				GCC_WARN_64_TO_32_BIT_CONVERSION = YES;
				GCC_WARN_ABOUT_RETURN_TYPE = YES_ERROR;
				GCC_WARN_UNDECLARED_SELECTOR = YES;
				GCC_WARN_UNINITIALIZED_AUTOS = YES_AGGRESSIVE;
				GCC_WARN_UNUSED_FUNCTION = YES;
				GCC_WARN_UNUSED_VARIABLE = YES;
				LOCALIZATION_PREFERS_STRING_CATALOGS = YES;
				MACOSX_DEPLOYMENT_TARGET = 15.2;
				MTL_ENABLE_DEBUG_INFO = NO;
				MTL_FAST_MATH = YES;
				SDKROOT = macosx;
				SWIFT_COMPILATION_MODE = wholemodule;
			};
			name = Release;
		};
		B79C15232D8DE5FE00EBACF2 /* Debug */ = {
			isa = XCBuildConfiguration;
			buildSettings = {
				ASSETCATALOG_COMPILER_APPICON_NAME = AppIcon;
				ASSETCATALOG_COMPILER_GLOBAL_ACCENT_COLOR_NAME = AccentColor;
				CODE_SIGN_ENTITLEMENTS = Connections/Connections.entitlements;
				CODE_SIGN_STYLE = Automatic;
				COMBINE_HIDPI_IMAGES = YES;
				CURRENT_PROJECT_VERSION = 1;
				DEVELOPMENT_ASSET_PATHS = "\"Connections/Preview Content\"";
				ENABLE_PREVIEWS = YES;
				GENERATE_INFOPLIST_FILE = YES;
				INFOPLIST_KEY_NSHumanReadableCopyright = "";
				LD_RUNPATH_SEARCH_PATHS = (
					"$(inherited)",
					"@executable_path/../Frameworks",
				);
				MARKETING_VERSION = 1.0;
				PRODUCT_BUNDLE_IDENTIFIER = sb.Connections;
				PRODUCT_NAME = "$(TARGET_NAME)";
				SWIFT_EMIT_LOC_STRINGS = YES;
				SWIFT_VERSION = 5.0;
			};
			name = Debug;
		};
		B79C15242D8DE5FE00EBACF2 /* Release */ = {
			isa = XCBuildConfiguration;
			buildSettings = {
				ASSETCATALOG_COMPILER_APPICON_NAME = AppIcon;
				ASSETCATALOG_COMPILER_GLOBAL_ACCENT_COLOR_NAME = AccentColor;
				CODE_SIGN_ENTITLEMENTS = Connections/Connections.entitlements;
				CODE_SIGN_STYLE = Automatic;
				COMBINE_HIDPI_IMAGES = YES;
				CURRENT_PROJECT_VERSION = 1;
				DEVELOPMENT_ASSET_PATHS = "\"Connections/Preview Content\"";
				ENABLE_PREVIEWS = YES;
				GENERATE_INFOPLIST_FILE = YES;
				INFOPLIST_KEY_NSHumanReadableCopyright = "";
				LD_RUNPATH_SEARCH_PATHS = (
					"$(inherited)",
					"@executable_path/../Frameworks",
				);
				MARKETING_VERSION = 1.0;
				PRODUCT_BUNDLE_IDENTIFIER = sb.Connections;
				PRODUCT_NAME = "$(TARGET_NAME)";
				SWIFT_EMIT_LOC_STRINGS = YES;
				SWIFT_VERSION = 5.0;
			};
			name = Release;
		};
		B79C15262D8DE5FE00EBACF2 /* Debug */ = {
			isa = XCBuildConfiguration;
			buildSettings = {
				BUNDLE_LOADER = "$(TEST_HOST)";
				CODE_SIGN_STYLE = Automatic;
				CURRENT_PROJECT_VERSION = 1;
				GENERATE_INFOPLIST_FILE = YES;
				MACOSX_DEPLOYMENT_TARGET = 15.2;
				MARKETING_VERSION = 1.0;
				PRODUCT_BUNDLE_IDENTIFIER = sb.ConnectionsTests;
				PRODUCT_NAME = "$(TARGET_NAME)";
				SWIFT_EMIT_LOC_STRINGS = NO;
				SWIFT_VERSION = 5.0;
				TEST_HOST = "$(BUILT_PRODUCTS_DIR)/Connections.app/$(BUNDLE_EXECUTABLE_FOLDER_PATH)/Connections";
			};
			name = Debug;
		};
		B79C15272D8DE5FE00EBACF2 /* Release */ = {
			isa = XCBuildConfiguration;
			buildSettings = {
				BUNDLE_LOADER = "$(TEST_HOST)";
				CODE_SIGN_STYLE = Automatic;
				CURRENT_PROJECT_VERSION = 1;
				GENERATE_INFOPLIST_FILE = YES;
				MACOSX_DEPLOYMENT_TARGET = 15.2;
				MARKETING_VERSION = 1.0;
				PRODUCT_BUNDLE_IDENTIFIER = sb.ConnectionsTests;
				PRODUCT_NAME = "$(TARGET_NAME)";
				SWIFT_EMIT_LOC_STRINGS = NO;
				SWIFT_VERSION = 5.0;
				TEST_HOST = "$(BUILT_PRODUCTS_DIR)/Connections.app/$(BUNDLE_EXECUTABLE_FOLDER_PATH)/Connections";
			};
			name = Release;
		};
		B79C15292D8DE5FE00EBACF2 /* Debug */ = {
			isa = XCBuildConfiguration;
			buildSettings = {
				CODE_SIGN_STYLE = Automatic;
				CURRENT_PROJECT_VERSION = 1;
				GENERATE_INFOPLIST_FILE = YES;
				MARKETING_VERSION = 1.0;
				PRODUCT_BUNDLE_IDENTIFIER = sb.ConnectionsUITests;
				PRODUCT_NAME = "$(TARGET_NAME)";
				SWIFT_EMIT_LOC_STRINGS = NO;
				SWIFT_VERSION = 5.0;
				TEST_TARGET_NAME = Connections;
			};
			name = Debug;
		};
		B79C152A2D8DE5FE00EBACF2 /* Release */ = {
			isa = XCBuildConfiguration;
			buildSettings = {
				CODE_SIGN_STYLE = Automatic;
				CURRENT_PROJECT_VERSION = 1;
				GENERATE_INFOPLIST_FILE = YES;
				MARKETING_VERSION = 1.0;
				PRODUCT_BUNDLE_IDENTIFIER = sb.ConnectionsUITests;
				PRODUCT_NAME = "$(TARGET_NAME)";
				SWIFT_EMIT_LOC_STRINGS = NO;
				SWIFT_VERSION = 5.0;
				TEST_TARGET_NAME = Connections;
			};
			name = Release;
		};
/* End XCBuildConfiguration section */

/* Begin XCConfigurationList section */
		B79C14F82D8DE5FC00EBACF2 /* Build configuration list for PBXProject "Connections" */ = {
			isa = XCConfigurationList;
			buildConfigurations = (
				B79C15202D8DE5FE00EBACF2 /* Debug */,
				B79C15212D8DE5FE00EBACF2 /* Release */,
			);
			defaultConfigurationIsVisible = 0;
			defaultConfigurationName = Release;
		};
		B79C15222D8DE5FE00EBACF2 /* Build configuration list for PBXNativeTarget "Connections" */ = {
			isa = XCConfigurationList;
			buildConfigurations = (
				B79C15232D8DE5FE00EBACF2 /* Debug */,
				B79C15242D8DE5FE00EBACF2 /* Release */,
			);
			defaultConfigurationIsVisible = 0;
			defaultConfigurationName = Release;
		};
		B79C15252D8DE5FE00EBACF2 /* Build configuration list for PBXNativeTarget "ConnectionsTests" */ = {
			isa = XCConfigurationList;
			buildConfigurations = (
				B79C15262D8DE5FE00EBACF2 /* Debug */,
				B79C15272D8DE5FE00EBACF2 /* Release */,
			);
			defaultConfigurationIsVisible = 0;
			defaultConfigurationName = Release;
		};
		B79C15282D8DE5FE00EBACF2 /* Build configuration list for PBXNativeTarget "ConnectionsUITests" */ = {
			isa = XCConfigurationList;
			buildConfigurations = (
				B79C15292D8DE5FE00EBACF2 /* Debug */,
				B79C152A2D8DE5FE00EBACF2 /* Release */,
			);
			defaultConfigurationIsVisible = 0;
			defaultConfigurationName = Release;
		};
/* End XCConfigurationList section */
	};
	rootObject = B79C14F52D8DE5FC00EBACF2 /* Project object */;
}
